// !$*UTF8*$!
{
	archiveVersion = 1;
	classes = {
	};
	objectVersion = 46;
	objects = {

/* Begin PBXBuildFile section */
		5553539C1A8D04D400DC19CE /* main.m in Sources */ = {isa = PBXBuildFile; fileRef = 5553539B1A8D04D400DC19CE /* main.m */; };
		555353A51A8D04D400DC19CE /* Main.storyboard in Resources */ = {isa = PBXBuildFile; fileRef = 555353A31A8D04D400DC19CE /* Main.storyboard */; };
		555353A71A8D04D400DC19CE /* Images.xcassets in Resources */ = {isa = PBXBuildFile; fileRef = 555353A61A8D04D400DC19CE /* Images.xcassets */; };
		555353AA1A8D04D400DC19CE /* LaunchScreen.xib in Resources */ = {isa = PBXBuildFile; fileRef = 555353A81A8D04D400DC19CE /* LaunchScreen.xib */; };
		555353B61A8D04D400DC19CE /* gifmeTests.m in Sources */ = {isa = PBXBuildFile; fileRef = 555353B51A8D04D400DC19CE /* gifmeTests.m */; };
		555353C41A8D06CF00DC19CE /* GMAppDelegate.m in Sources */ = {isa = PBXBuildFile; fileRef = 555353C31A8D06CF00DC19CE /* GMAppDelegate.m */; };
		5557B3F61A8D12DF00DCBBBD /* GMGiphyAPIClient.m in Sources */ = {isa = PBXBuildFile; fileRef = 5557B3F51A8D12DF00DCBBBD /* GMGiphyAPIClient.m */; };
		5557B3FA1A8D1AE800DCBBBD /* GMGifParser.m in Sources */ = {isa = PBXBuildFile; fileRef = 5557B3F91A8D1AE800DCBBBD /* GMGifParser.m */; };
		5557B3FD1A8D1AF900DCBBBD /* GMGif.m in Sources */ = {isa = PBXBuildFile; fileRef = 5557B3FC1A8D1AF900DCBBBD /* GMGif.m */; };
		556F87F51A8D36D500146FA9 /* GMGifTableViewCell.m in Sources */ = {isa = PBXBuildFile; fileRef = 556F87F41A8D36D500146FA9 /* GMGifTableViewCell.m */; };
		556F87FA1A8D3B4E00146FA9 /* AnimatedGIFImageSerialization.m in Sources */ = {isa = PBXBuildFile; fileRef = 556F87F91A8D3B4E00146FA9 /* AnimatedGIFImageSerialization.m */; };
		55A913991A8D33A600457FE0 /* GMGifTableViewController.m in Sources */ = {isa = PBXBuildFile; fileRef = 55A913981A8D33A600457FE0 /* GMGifTableViewController.m */; };
/* End PBXBuildFile section */

/* Begin PBXContainerItemProxy section */
		555353B01A8D04D400DC19CE /* PBXContainerItemProxy */ = {
			isa = PBXContainerItemProxy;
			containerPortal = 5553538E1A8D04D400DC19CE /* Project object */;
			proxyType = 1;
			remoteGlobalIDString = 555353951A8D04D400DC19CE;
			remoteInfo = gifme;
		};
/* End PBXContainerItemProxy section */

/* Begin PBXFileReference section */
		555353961A8D04D400DC19CE /* gifme.app */ = {isa = PBXFileReference; explicitFileType = wrapper.application; includeInIndex = 0; path = gifme.app; sourceTree = BUILT_PRODUCTS_DIR; };
		5553539A1A8D04D400DC19CE /* Info.plist */ = {isa = PBXFileReference; lastKnownFileType = text.plist.xml; path = Info.plist; sourceTree = "<group>"; };
		5553539B1A8D04D400DC19CE /* main.m */ = {isa = PBXFileReference; lastKnownFileType = sourcecode.c.objc; path = main.m; sourceTree = "<group>"; };
		555353A41A8D04D400DC19CE /* Base */ = {isa = PBXFileReference; lastKnownFileType = file.storyboard; name = Base; path = Base.lproj/Main.storyboard; sourceTree = "<group>"; };
		555353A61A8D04D400DC19CE /* Images.xcassets */ = {isa = PBXFileReference; lastKnownFileType = folder.assetcatalog; path = Images.xcassets; sourceTree = "<group>"; };
		555353A91A8D04D400DC19CE /* Base */ = {isa = PBXFileReference; lastKnownFileType = file.xib; name = Base; path = Base.lproj/LaunchScreen.xib; sourceTree = "<group>"; };
		555353AF1A8D04D400DC19CE /* gifmeTests.xctest */ = {isa = PBXFileReference; explicitFileType = wrapper.cfbundle; includeInIndex = 0; path = gifmeTests.xctest; sourceTree = BUILT_PRODUCTS_DIR; };
		555353B41A8D04D400DC19CE /* Info.plist */ = {isa = PBXFileReference; lastKnownFileType = text.plist.xml; path = Info.plist; sourceTree = "<group>"; };
		555353B51A8D04D400DC19CE /* gifmeTests.m */ = {isa = PBXFileReference; lastKnownFileType = sourcecode.c.objc; path = gifmeTests.m; sourceTree = "<group>"; };
		555353C21A8D06CF00DC19CE /* GMAppDelegate.h */ = {isa = PBXFileReference; fileEncoding = 4; lastKnownFileType = sourcecode.c.h; name = GMAppDelegate.h; path = Classes/AppDelegate/GMAppDelegate.h; sourceTree = "<group>"; };
		555353C31A8D06CF00DC19CE /* GMAppDelegate.m */ = {isa = PBXFileReference; fileEncoding = 4; lastKnownFileType = sourcecode.c.objc; name = GMAppDelegate.m; path = Classes/AppDelegate/GMAppDelegate.m; sourceTree = "<group>"; };
		5557B3F41A8D12DF00DCBBBD /* GMGiphyAPIClient.h */ = {isa = PBXFileReference; fileEncoding = 4; lastKnownFileType = sourcecode.c.h; name = GMGiphyAPIClient.h; path = Classes/Network/GMGiphyAPIClient.h; sourceTree = "<group>"; };
		5557B3F51A8D12DF00DCBBBD /* GMGiphyAPIClient.m */ = {isa = PBXFileReference; fileEncoding = 4; lastKnownFileType = sourcecode.c.objc; name = GMGiphyAPIClient.m; path = Classes/Network/GMGiphyAPIClient.m; sourceTree = "<group>"; };
		5557B3F81A8D1AE800DCBBBD /* GMGifParser.h */ = {isa = PBXFileReference; fileEncoding = 4; lastKnownFileType = sourcecode.c.h; name = GMGifParser.h; path = Classes/Model/GMGifParser.h; sourceTree = "<group>"; };
		5557B3F91A8D1AE800DCBBBD /* GMGifParser.m */ = {isa = PBXFileReference; fileEncoding = 4; lastKnownFileType = sourcecode.c.objc; name = GMGifParser.m; path = Classes/Model/GMGifParser.m; sourceTree = "<group>"; };
		5557B3FB1A8D1AF900DCBBBD /* GMGif.h */ = {isa = PBXFileReference; fileEncoding = 4; lastKnownFileType = sourcecode.c.h; name = GMGif.h; path = Classes/Model/GMGif.h; sourceTree = "<group>"; };
		5557B3FC1A8D1AF900DCBBBD /* GMGif.m */ = {isa = PBXFileReference; fileEncoding = 4; lastKnownFileType = sourcecode.c.objc; name = GMGif.m; path = Classes/Model/GMGif.m; sourceTree = "<group>"; };
		556F87F31A8D36D500146FA9 /* GMGifTableViewCell.h */ = {isa = PBXFileReference; fileEncoding = 4; lastKnownFileType = sourcecode.c.h; name = GMGifTableViewCell.h; path = Classes/Views/GMGifTableViewCell.h; sourceTree = "<group>"; };
		556F87F41A8D36D500146FA9 /* GMGifTableViewCell.m */ = {isa = PBXFileReference; fileEncoding = 4; lastKnownFileType = sourcecode.c.objc; name = GMGifTableViewCell.m; path = Classes/Views/GMGifTableViewCell.m; sourceTree = "<group>"; };
		556F87F81A8D3B4E00146FA9 /* AnimatedGIFImageSerialization.h */ = {isa = PBXFileReference; fileEncoding = 4; lastKnownFileType = sourcecode.c.h; name = AnimatedGIFImageSerialization.h; path = Classes/External/AnimatedGIFImageSerialization/AnimatedGIFImageSerialization.h; sourceTree = "<group>"; };
		556F87F91A8D3B4E00146FA9 /* AnimatedGIFImageSerialization.m */ = {isa = PBXFileReference; fileEncoding = 4; lastKnownFileType = sourcecode.c.objc; name = AnimatedGIFImageSerialization.m; path = Classes/External/AnimatedGIFImageSerialization/AnimatedGIFImageSerialization.m; sourceTree = "<group>"; };
		55A913971A8D33A600457FE0 /* GMGifTableViewController.h */ = {isa = PBXFileReference; fileEncoding = 4; lastKnownFileType = sourcecode.c.h; name = GMGifTableViewController.h; path = "Classes/View Controllers/GMGifTableViewController.h"; sourceTree = "<group>"; };
		55A913981A8D33A600457FE0 /* GMGifTableViewController.m */ = {isa = PBXFileReference; fileEncoding = 4; lastKnownFileType = sourcecode.c.objc; name = GMGifTableViewController.m; path = "Classes/View Controllers/GMGifTableViewController.m"; sourceTree = "<group>"; };
/* End PBXFileReference section */

/* Begin PBXFrameworksBuildPhase section */
		555353931A8D04D400DC19CE /* Frameworks */ = {
			isa = PBXFrameworksBuildPhase;
			buildActionMask = 2147483647;
			files = (
			);
			runOnlyForDeploymentPostprocessing = 0;
		};
		555353AC1A8D04D400DC19CE /* Frameworks */ = {
			isa = PBXFrameworksBuildPhase;
			buildActionMask = 2147483647;
			files = (
			);
			runOnlyForDeploymentPostprocessing = 0;
		};
/* End PBXFrameworksBuildPhase section */

/* Begin PBXGroup section */
		5553538D1A8D04D400DC19CE = {
			isa = PBXGroup;
			children = (
				555353981A8D04D400DC19CE /* gifme */,
				555353B21A8D04D400DC19CE /* gifmeTests */,
				555353971A8D04D400DC19CE /* Products */,
			);
			sourceTree = "<group>";
		};
		555353971A8D04D400DC19CE /* Products */ = {
			isa = PBXGroup;
			children = (
				555353961A8D04D400DC19CE /* gifme.app */,
				555353AF1A8D04D400DC19CE /* gifmeTests.xctest */,
			);
			name = Products;
			sourceTree = "<group>";
		};
		555353981A8D04D400DC19CE /* gifme */ = {
			isa = PBXGroup;
			children = (
				555353BF1A8D067B00DC19CE /* Classes */,
				555353A61A8D04D400DC19CE /* Images.xcassets */,
				555353A81A8D04D400DC19CE /* LaunchScreen.xib */,
				555353991A8D04D400DC19CE /* Supporting Files */,
			);
			path = gifme;
			sourceTree = "<group>";
		};
		555353991A8D04D400DC19CE /* Supporting Files */ = {
			isa = PBXGroup;
			children = (
				5553539A1A8D04D400DC19CE /* Info.plist */,
				5553539B1A8D04D400DC19CE /* main.m */,
			);
			name = "Supporting Files";
			sourceTree = "<group>";
		};
		555353B21A8D04D400DC19CE /* gifmeTests */ = {
			isa = PBXGroup;
			children = (
				555353B51A8D04D400DC19CE /* gifmeTests.m */,
				555353B31A8D04D400DC19CE /* Supporting Files */,
			);
			path = gifmeTests;
			sourceTree = "<group>";
		};
		555353B31A8D04D400DC19CE /* Supporting Files */ = {
			isa = PBXGroup;
			children = (
				555353B41A8D04D400DC19CE /* Info.plist */,
			);
			name = "Supporting Files";
			sourceTree = "<group>";
		};
		555353BF1A8D067B00DC19CE /* Classes */ = {
			isa = PBXGroup;
			children = (
				555353C11A8D06A100DC19CE /* AppDelegate */,
				556F87F61A8D3B1000146FA9 /* External */,
				5557B3F71A8D1AD200DCBBBD /* Model */,
				5557B3F31A8D12D100DCBBBD /* Network */,
				556F87F21A8D36A500146FA9 /* Views */,
				555353C01A8D069100DC19CE /* View Controllers */,
			);
			name = Classes;
			sourceTree = "<group>";
		};
		555353C01A8D069100DC19CE /* View Controllers */ = {
			isa = PBXGroup;
			children = (
				55A913971A8D33A600457FE0 /* GMGifTableViewController.h */,
				55A913981A8D33A600457FE0 /* GMGifTableViewController.m */,
				555353A31A8D04D400DC19CE /* Main.storyboard */,
			);
			name = "View Controllers";
			sourceTree = "<group>";
		};
		555353C11A8D06A100DC19CE /* AppDelegate */ = {
			isa = PBXGroup;
			children = (
				555353C21A8D06CF00DC19CE /* GMAppDelegate.h */,
				555353C31A8D06CF00DC19CE /* GMAppDelegate.m */,
			);
			name = AppDelegate;
			sourceTree = "<group>";
		};
		5557B3F31A8D12D100DCBBBD /* Network */ = {
			isa = PBXGroup;
			children = (
				5557B3F41A8D12DF00DCBBBD /* GMGiphyAPIClient.h */,
				5557B3F51A8D12DF00DCBBBD /* GMGiphyAPIClient.m */,
			);
			name = Network;
			sourceTree = "<group>";
		};
		5557B3F71A8D1AD200DCBBBD /* Model */ = {
			isa = PBXGroup;
			children = (
				5557B3F81A8D1AE800DCBBBD /* GMGifParser.h */,
				5557B3F91A8D1AE800DCBBBD /* GMGifParser.m */,
				5557B3FB1A8D1AF900DCBBBD /* GMGif.h */,
				5557B3FC1A8D1AF900DCBBBD /* GMGif.m */,
			);
			name = Model;
			sourceTree = "<group>";
		};
		556F87F21A8D36A500146FA9 /* Views */ = {
			isa = PBXGroup;
			children = (
				556F87F31A8D36D500146FA9 /* GMGifTableViewCell.h */,
				556F87F41A8D36D500146FA9 /* GMGifTableViewCell.m */,
			);
			name = Views;
			sourceTree = "<group>";
		};
		556F87F61A8D3B1000146FA9 /* External */ = {
			isa = PBXGroup;
			children = (
				556F87F71A8D3B4100146FA9 /* AnimatedGIFImageSerialization */,
			);
			name = External;
			sourceTree = "<group>";
		};
		556F87F71A8D3B4100146FA9 /* AnimatedGIFImageSerialization */ = {
			isa = PBXGroup;
			children = (
				556F87F81A8D3B4E00146FA9 /* AnimatedGIFImageSerialization.h */,
				556F87F91A8D3B4E00146FA9 /* AnimatedGIFImageSerialization.m */,
			);
			name = AnimatedGIFImageSerialization;
			sourceTree = "<group>";
		};
/* End PBXGroup section */

/* Begin PBXNativeTarget section */
		555353951A8D04D400DC19CE /* gifme */ = {
			isa = PBXNativeTarget;
			buildConfigurationList = 555353B91A8D04D400DC19CE /* Build configuration list for PBXNativeTarget "gifme" */;
			buildPhases = (
				555353921A8D04D400DC19CE /* Sources */,
				555353931A8D04D400DC19CE /* Frameworks */,
				555353941A8D04D400DC19CE /* Resources */,
			);
			buildRules = (
			);
			dependencies = (
			);
			name = gifme;
			productName = gifme;
			productReference = 555353961A8D04D400DC19CE /* gifme.app */;
			productType = "com.apple.product-type.application";
		};
		555353AE1A8D04D400DC19CE /* gifmeTests */ = {
			isa = PBXNativeTarget;
			buildConfigurationList = 555353BC1A8D04D400DC19CE /* Build configuration list for PBXNativeTarget "gifmeTests" */;
			buildPhases = (
				555353AB1A8D04D400DC19CE /* Sources */,
				555353AC1A8D04D400DC19CE /* Frameworks */,
				555353AD1A8D04D400DC19CE /* Resources */,
			);
			buildRules = (
			);
			dependencies = (
				555353B11A8D04D400DC19CE /* PBXTargetDependency */,
			);
			name = gifmeTests;
			productName = gifmeTests;
			productReference = 555353AF1A8D04D400DC19CE /* gifmeTests.xctest */;
			productType = "com.apple.product-type.bundle.unit-test";
		};
/* End PBXNativeTarget section */

/* Begin PBXProject section */
		5553538E1A8D04D400DC19CE /* Project object */ = {
			isa = PBXProject;
			attributes = {
				LastUpgradeCheck = 0610;
				ORGANIZATIONNAME = "William Kalish";
				TargetAttributes = {
					555353951A8D04D400DC19CE = {
						CreatedOnToolsVersion = 6.1.1;
					};
					555353AE1A8D04D400DC19CE = {
						CreatedOnToolsVersion = 6.1.1;
						TestTargetID = 555353951A8D04D400DC19CE;
					};
				};
			};
			buildConfigurationList = 555353911A8D04D400DC19CE /* Build configuration list for PBXProject "gifme" */;
			compatibilityVersion = "Xcode 3.2";
			developmentRegion = English;
			hasScannedForEncodings = 0;
			knownRegions = (
				en,
				Base,
			);
			mainGroup = 5553538D1A8D04D400DC19CE;
			productRefGroup = 555353971A8D04D400DC19CE /* Products */;
			projectDirPath = "";
			projectRoot = "";
			targets = (
				555353951A8D04D400DC19CE /* gifme */,
				555353AE1A8D04D400DC19CE /* gifmeTests */,
			);
		};
/* End PBXProject section */

/* Begin PBXResourcesBuildPhase section */
		555353941A8D04D400DC19CE /* Resources */ = {
			isa = PBXResourcesBuildPhase;
			buildActionMask = 2147483647;
			files = (
				555353A51A8D04D400DC19CE /* Main.storyboard in Resources */,
				555353AA1A8D04D400DC19CE /* LaunchScreen.xib in Resources */,
				555353A71A8D04D400DC19CE /* Images.xcassets in Resources */,
			);
			runOnlyForDeploymentPostprocessing = 0;
		};
		555353AD1A8D04D400DC19CE /* Resources */ = {
			isa = PBXResourcesBuildPhase;
			buildActionMask = 2147483647;
			files = (
			);
			runOnlyForDeploymentPostprocessing = 0;
		};
/* End PBXResourcesBuildPhase section */

/* Begin PBXSourcesBuildPhase section */
		555353921A8D04D400DC19CE /* Sources */ = {
			isa = PBXSourcesBuildPhase;
			buildActionMask = 2147483647;
			files = (
				5557B3FD1A8D1AF900DCBBBD /* GMGif.m in Sources */,
				555353C41A8D06CF00DC19CE /* GMAppDelegate.m in Sources */,
				5557B3FA1A8D1AE800DCBBBD /* GMGifParser.m in Sources */,
				5553539C1A8D04D400DC19CE /* main.m in Sources */,
				556F87FA1A8D3B4E00146FA9 /* AnimatedGIFImageSerialization.m in Sources */,
				556F87F51A8D36D500146FA9 /* GMGifTableViewCell.m in Sources */,
				55A913991A8D33A600457FE0 /* GMGifTableViewController.m in Sources */,
				5557B3F61A8D12DF00DCBBBD /* GMGiphyAPIClient.m in Sources */,
			);
			runOnlyForDeploymentPostprocessing = 0;
		};
		555353AB1A8D04D400DC19CE /* Sources */ = {
			isa = PBXSourcesBuildPhase;
			buildActionMask = 2147483647;
			files = (
				555353B61A8D04D400DC19CE /* gifmeTests.m in Sources */,
			);
			runOnlyForDeploymentPostprocessing = 0;
		};
/* End PBXSourcesBuildPhase section */

/* Begin PBXTargetDependency section */
		555353B11A8D04D400DC19CE /* PBXTargetDependency */ = {
			isa = PBXTargetDependency;
			target = 555353951A8D04D400DC19CE /* gifme */;
			targetProxy = 555353B01A8D04D400DC19CE /* PBXContainerItemProxy */;
		};
/* End PBXTargetDependency section */

/* Begin PBXVariantGroup section */
		555353A31A8D04D400DC19CE /* Main.storyboard */ = {
			isa = PBXVariantGroup;
			children = (
				555353A41A8D04D400DC19CE /* Base */,
			);
			name = Main.storyboard;
			sourceTree = "<group>";
		};
		555353A81A8D04D400DC19CE /* LaunchScreen.xib */ = {
			isa = PBXVariantGroup;
			children = (
				555353A91A8D04D400DC19CE /* Base */,
			);
			name = LaunchScreen.xib;
			sourceTree = "<group>";
		};
/* End PBXVariantGroup section */

/* Begin XCBuildConfiguration section */
		555353B71A8D04D400DC19CE /* Debug */ = {
			isa = XCBuildConfiguration;
			buildSettings = {
				ALWAYS_SEARCH_USER_PATHS = NO;
				CLANG_CXX_LANGUAGE_STANDARD = "gnu++0x";
				CLANG_CXX_LIBRARY = "libc++";
				CLANG_ENABLE_MODULES = YES;
				CLANG_ENABLE_OBJC_ARC = YES;
				CLANG_WARN_BOOL_CONVERSION = YES;
				CLANG_WARN_CONSTANT_CONVERSION = YES;
				CLANG_WARN_DIRECT_OBJC_ISA_USAGE = YES_ERROR;
				CLANG_WARN_EMPTY_BODY = YES;
				CLANG_WARN_ENUM_CONVERSION = YES;
				CLANG_WARN_INT_CONVERSION = YES;
				CLANG_WARN_OBJC_ROOT_CLASS = YES_ERROR;
				CLANG_WARN_UNREACHABLE_CODE = YES;
				CLANG_WARN__DUPLICATE_METHOD_MATCH = YES;
				"CODE_SIGN_IDENTITY[sdk=iphoneos*]" = "iPhone Developer";
				COPY_PHASE_STRIP = NO;
				ENABLE_STRICT_OBJC_MSGSEND = YES;
				GCC_C_LANGUAGE_STANDARD = gnu99;
				GCC_DYNAMIC_NO_PIC = NO;
				GCC_OPTIMIZATION_LEVEL = 0;
				GCC_PREPROCESSOR_DEFINITIONS = (
					"DEBUG=1",
					"$(inherited)",
				);
				GCC_SYMBOLS_PRIVATE_EXTERN = NO;
				GCC_WARN_64_TO_32_BIT_CONVERSION = YES;
				GCC_WARN_ABOUT_RETURN_TYPE = YES_ERROR;
				GCC_WARN_UNDECLARED_SELECTOR = YES;
				GCC_WARN_UNINITIALIZED_AUTOS = YES_AGGRESSIVE;
				GCC_WARN_UNUSED_FUNCTION = YES;
				GCC_WARN_UNUSED_VARIABLE = YES;
				IPHONEOS_DEPLOYMENT_TARGET = 8.1;
				MTL_ENABLE_DEBUG_INFO = YES;
				ONLY_ACTIVE_ARCH = YES;
				SDKROOT = iphoneos;
				TARGETED_DEVICE_FAMILY = "1,2";
			};
			name = Debug;
		};
		555353B81A8D04D400DC19CE /* Release */ = {
			isa = XCBuildConfiguration;
			buildSettings = {
				ALWAYS_SEARCH_USER_PATHS = NO;
				CLANG_CXX_LANGUAGE_STANDARD = "gnu++0x";
				CLANG_CXX_LIBRARY = "libc++";
				CLANG_ENABLE_MODULES = YES;
				CLANG_ENABLE_OBJC_ARC = YES;
				CLANG_WARN_BOOL_CONVERSION = YES;
				CLANG_WARN_CONSTANT_CONVERSION = YES;
				CLANG_WARN_DIRECT_OBJC_ISA_USAGE = YES_ERROR;
				CLANG_WARN_EMPTY_BODY = YES;
				CLANG_WARN_ENUM_CONVERSION = YES;
				CLANG_WARN_INT_CONVERSION = YES;
				CLANG_WARN_OBJC_ROOT_CLASS = YES_ERROR;
				CLANG_WARN_UNREACHABLE_CODE = YES;
				CLANG_WARN__DUPLICATE_METHOD_MATCH = YES;
				"CODE_SIGN_IDENTITY[sdk=iphoneos*]" = "iPhone Developer";
				COPY_PHASE_STRIP = YES;
				ENABLE_NS_ASSERTIONS = NO;
				ENABLE_STRICT_OBJC_MSGSEND = YES;
				GCC_C_LANGUAGE_STANDARD = gnu99;
				GCC_WARN_64_TO_32_BIT_CONVERSION = YES;
				GCC_WARN_ABOUT_RETURN_TYPE = YES_ERROR;
				GCC_WARN_UNDECLARED_SELECTOR = YES;
				GCC_WARN_UNINITIALIZED_AUTOS = YES_AGGRESSIVE;
				GCC_WARN_UNUSED_FUNCTION = YES;
				GCC_WARN_UNUSED_VARIABLE = YES;
				IPHONEOS_DEPLOYMENT_TARGET = 8.1;
				MTL_ENABLE_DEBUG_INFO = NO;
				SDKROOT = iphoneos;
				TARGETED_DEVICE_FAMILY = "1,2";
				VALIDATE_PRODUCT = YES;
			};
			name = Release;
		};
		555353BA1A8D04D400DC19CE /* Debug */ = {
			isa = XCBuildConfiguration;
			buildSettings = {
				ASSETCATALOG_COMPILER_APPICON_NAME = AppIcon;
				INFOPLIST_FILE = gifme/Info.plist;
				LD_RUNPATH_SEARCH_PATHS = "$(inherited) @executable_path/Frameworks";
				PRODUCT_NAME = "$(TARGET_NAME)";
			};
			name = Debug;
		};
		555353BB1A8D04D400DC19CE /* Release */ = {
			isa = XCBuildConfiguration;
			buildSettings = {
				ASSETCATALOG_COMPILER_APPICON_NAME = AppIcon;
				INFOPLIST_FILE = gifme/Info.plist;
				LD_RUNPATH_SEARCH_PATHS = "$(inherited) @executable_path/Frameworks";
				PRODUCT_NAME = "$(TARGET_NAME)";
			};
			name = Release;
		};
		555353BD1A8D04D400DC19CE /* Debug */ = {
			isa = XCBuildConfiguration;
			buildSettings = {
				BUNDLE_LOADER = "$(TEST_HOST)";
				FRAMEWORK_SEARCH_PATHS = (
					"$(SDKROOT)/Developer/Library/Frameworks",
					"$(inherited)",
				);
				GCC_PREPROCESSOR_DEFINITIONS = (
					"DEBUG=1",
					"$(inherited)",
				);
				INFOPLIST_FILE = gifmeTests/Info.plist;
				LD_RUNPATH_SEARCH_PATHS = "$(inherited) @executable_path/Frameworks @loader_path/Frameworks";
				PRODUCT_NAME = "$(TARGET_NAME)";
				TEST_HOST = "$(BUILT_PRODUCTS_DIR)/gifme.app/gifme";
			};
			name = Debug;
		};
		555353BE1A8D04D400DC19CE /* Release */ = {
			isa = XCBuildConfiguration;
			buildSettings = {
				BUNDLE_LOADER = "$(TEST_HOST)";
				FRAMEWORK_SEARCH_PATHS = (
					"$(SDKROOT)/Developer/Library/Frameworks",
					"$(inherited)",
				);
				INFOPLIST_FILE = gifmeTests/Info.plist;
				LD_RUNPATH_SEARCH_PATHS = "$(inherited) @executable_path/Frameworks @loader_path/Frameworks";
				PRODUCT_NAME = "$(TARGET_NAME)";
				TEST_HOST = "$(BUILT_PRODUCTS_DIR)/gifme.app/gifme";
			};
			name = Release;
		};
/* End XCBuildConfiguration section */

/* Begin XCConfigurationList section */
		555353911A8D04D400DC19CE /* Build configuration list for PBXProject "gifme" */ = {
			isa = XCConfigurationList;
			buildConfigurations = (
				555353B71A8D04D400DC19CE /* Debug */,
				555353B81A8D04D400DC19CE /* Release */,
			);
			defaultConfigurationIsVisible = 0;
			defaultConfigurationName = Release;
		};
		555353B91A8D04D400DC19CE /* Build configuration list for PBXNativeTarget "gifme" */ = {
			isa = XCConfigurationList;
			buildConfigurations = (
				555353BA1A8D04D400DC19CE /* Debug */,
				555353BB1A8D04D400DC19CE /* Release */,
			);
			defaultConfigurationIsVisible = 0;
			defaultConfigurationName = Release;
		};
		555353BC1A8D04D400DC19CE /* Build configuration list for PBXNativeTarget "gifmeTests" */ = {
			isa = XCConfigurationList;
			buildConfigurations = (
				555353BD1A8D04D400DC19CE /* Debug */,
				555353BE1A8D04D400DC19CE /* Release */,
			);
			defaultConfigurationIsVisible = 0;
			defaultConfigurationName = Release;
		};
/* End XCConfigurationList section */
	};
	rootObject = 5553538E1A8D04D400DC19CE /* Project object */;
}
